{
  "R": {
    "Version": "4.4.1",
    "Repositories": [
      {
        "Name": "PPM",
        "URL": "https://packagemanager.posit.co/cran/latest"
      }
    ]
  },
  "Packages": {
    "yaml": {
      "Package": "yaml",
      "Version": "2.3.9",
      "Source": "Repository",
      "Repository": "https://packagemanager.posit.co/cran/__linux__/jammy/latest",
      "Hash": "9cb28d11799d93c953f852083d55ee9e"
    }
  }
}
